// !$*UTF8*$!
{
	archiveVersion = 1;
	classes = {
	};
	objectVersion = 50;
	objects = {

/* Begin PBXBuildFile section */
		047C54C9267B331F00DDE47D /* AppDelegate.swift in Sources */ = {isa = PBXBuildFile; fileRef = 047C54C8267B331F00DDE47D /* AppDelegate.swift */; };
		047C54CB267B331F00DDE47D /* SceneDelegate.swift in Sources */ = {isa = PBXBuildFile; fileRef = 047C54CA267B331F00DDE47D /* SceneDelegate.swift */; };
		047C54CD267B331F00DDE47D /* ViewController.swift in Sources */ = {isa = PBXBuildFile; fileRef = 047C54CC267B331F00DDE47D /* ViewController.swift */; };
		047C54D0267B331F00DDE47D /* Main.storyboard in Resources */ = {isa = PBXBuildFile; fileRef = 047C54CE267B331F00DDE47D /* Main.storyboard */; };
		047C54D2267B332300DDE47D /* Assets.xcassets in Resources */ = {isa = PBXBuildFile; fileRef = 047C54D1267B332300DDE47D /* Assets.xcassets */; };
		047C54D5267B332300DDE47D /* LaunchScreen.storyboard in Resources */ = {isa = PBXBuildFile; fileRef = 047C54D3267B332300DDE47D /* LaunchScreen.storyboard */; };
		047C54E0267B332400DDE47D /* TestForRxSwiftTests.swift in Sources */ = {isa = PBXBuildFile; fileRef = 047C54DF267B332400DDE47D /* TestForRxSwiftTests.swift */; };
		047C54EB267B332400DDE47D /* TestForRxSwiftUITests.swift in Sources */ = {isa = PBXBuildFile; fileRef = 047C54EA267B332400DDE47D /* TestForRxSwiftUITests.swift */; };
		04AB0635268C700D0008EEBB /* SampleViewModel.swift in Sources */ = {isa = PBXBuildFile; fileRef = 04AB0634268C700D0008EEBB /* SampleViewModel.swift */; };
		0E51339EBC4AFBF60C0BE7B8 /* Pods_TestForRxSwift_TestForRxSwiftUITests.framework in Frameworks */ = {isa = PBXBuildFile; fileRef = DE7F64E130C424EB9127581A /* Pods_TestForRxSwift_TestForRxSwiftUITests.framework */; };
		2BABABC3E1868A51D3FD2BEB /* Pods_TestForRxSwift.framework in Frameworks */ = {isa = PBXBuildFile; fileRef = 2F9C9EA4AAC514DC0FB080AA /* Pods_TestForRxSwift.framework */; };
		435DB7D29A6243A9D8DB3ED0 /* Pods_TestForRxSwiftTests.framework in Frameworks */ = {isa = PBXBuildFile; fileRef = 92F215BA3684A20C732263B2 /* Pods_TestForRxSwiftTests.framework */; };
/* End PBXBuildFile section */

/* Begin PBXContainerItemProxy section */
		047C54DC267B332400DDE47D /* PBXContainerItemProxy */ = {
			isa = PBXContainerItemProxy;
			containerPortal = 047C54BD267B331F00DDE47D /* Project object */;
			proxyType = 1;
			remoteGlobalIDString = 047C54C4267B331F00DDE47D;
			remoteInfo = TestForRxSwift;
		};
		047C54E7267B332400DDE47D /* PBXContainerItemProxy */ = {
			isa = PBXContainerItemProxy;
			containerPortal = 047C54BD267B331F00DDE47D /* Project object */;
			proxyType = 1;
			remoteGlobalIDString = 047C54C4267B331F00DDE47D;
			remoteInfo = TestForRxSwift;
		};
/* End PBXContainerItemProxy section */

/* Begin PBXFileReference section */
		047C54C5267B331F00DDE47D /* TestForRxSwift.app */ = {isa = PBXFileReference; explicitFileType = wrapper.application; includeInIndex = 0; path = TestForRxSwift.app; sourceTree = BUILT_PRODUCTS_DIR; };
		047C54C8267B331F00DDE47D /* AppDelegate.swift */ = {isa = PBXFileReference; lastKnownFileType = sourcecode.swift; path = AppDelegate.swift; sourceTree = "<group>"; };
		047C54CA267B331F00DDE47D /* SceneDelegate.swift */ = {isa = PBXFileReference; lastKnownFileType = sourcecode.swift; path = SceneDelegate.swift; sourceTree = "<group>"; };
		047C54CC267B331F00DDE47D /* ViewController.swift */ = {isa = PBXFileReference; lastKnownFileType = sourcecode.swift; path = ViewController.swift; sourceTree = "<group>"; };
		047C54CF267B331F00DDE47D /* Base */ = {isa = PBXFileReference; lastKnownFileType = file.storyboard; name = Base; path = Base.lproj/Main.storyboard; sourceTree = "<group>"; };
		047C54D1267B332300DDE47D /* Assets.xcassets */ = {isa = PBXFileReference; lastKnownFileType = folder.assetcatalog; path = Assets.xcassets; sourceTree = "<group>"; };
		047C54D4267B332300DDE47D /* Base */ = {isa = PBXFileReference; lastKnownFileType = file.storyboard; name = Base; path = Base.lproj/LaunchScreen.storyboard; sourceTree = "<group>"; };
		047C54D6267B332300DDE47D /* Info.plist */ = {isa = PBXFileReference; lastKnownFileType = text.plist.xml; path = Info.plist; sourceTree = "<group>"; };
		047C54DB267B332400DDE47D /* TestForRxSwiftTests.xctest */ = {isa = PBXFileReference; explicitFileType = wrapper.cfbundle; includeInIndex = 0; path = TestForRxSwiftTests.xctest; sourceTree = BUILT_PRODUCTS_DIR; };
		047C54DF267B332400DDE47D /* TestForRxSwiftTests.swift */ = {isa = PBXFileReference; lastKnownFileType = sourcecode.swift; path = TestForRxSwiftTests.swift; sourceTree = "<group>"; };
		047C54E1267B332400DDE47D /* Info.plist */ = {isa = PBXFileReference; lastKnownFileType = text.plist.xml; path = Info.plist; sourceTree = "<group>"; };
		047C54E6267B332400DDE47D /* TestForRxSwiftUITests.xctest */ = {isa = PBXFileReference; explicitFileType = wrapper.cfbundle; includeInIndex = 0; path = TestForRxSwiftUITests.xctest; sourceTree = BUILT_PRODUCTS_DIR; };
		047C54EA267B332400DDE47D /* TestForRxSwiftUITests.swift */ = {isa = PBXFileReference; lastKnownFileType = sourcecode.swift; path = TestForRxSwiftUITests.swift; sourceTree = "<group>"; };
		047C54EC267B332400DDE47D /* Info.plist */ = {isa = PBXFileReference; lastKnownFileType = text.plist.xml; path = Info.plist; sourceTree = "<group>"; };
		04AB0634268C700D0008EEBB /* SampleViewModel.swift */ = {isa = PBXFileReference; lastKnownFileType = sourcecode.swift; path = SampleViewModel.swift; sourceTree = "<group>"; };
		0E7D3072FC4E84176DEF7FA6 /* Pods-TestForRxSwiftTests.debug.xcconfig */ = {isa = PBXFileReference; includeInIndex = 1; lastKnownFileType = text.xcconfig; name = "Pods-TestForRxSwiftTests.debug.xcconfig"; path = "Target Support Files/Pods-TestForRxSwiftTests/Pods-TestForRxSwiftTests.debug.xcconfig"; sourceTree = "<group>"; };
		0EDB57018955F51D81C80199 /* Pods-TestForRxSwift.debug.xcconfig */ = {isa = PBXFileReference; includeInIndex = 1; lastKnownFileType = text.xcconfig; name = "Pods-TestForRxSwift.debug.xcconfig"; path = "Target Support Files/Pods-TestForRxSwift/Pods-TestForRxSwift.debug.xcconfig"; sourceTree = "<group>"; };
		2F9C9EA4AAC514DC0FB080AA /* Pods_TestForRxSwift.framework */ = {isa = PBXFileReference; explicitFileType = wrapper.framework; includeInIndex = 0; path = Pods_TestForRxSwift.framework; sourceTree = BUILT_PRODUCTS_DIR; };
		905E330F64251E3789C28ECC /* Pods-TestForRxSwift-TestForRxSwiftUITests.debug.xcconfig */ = {isa = PBXFileReference; includeInIndex = 1; lastKnownFileType = text.xcconfig; name = "Pods-TestForRxSwift-TestForRxSwiftUITests.debug.xcconfig"; path = "Target Support Files/Pods-TestForRxSwift-TestForRxSwiftUITests/Pods-TestForRxSwift-TestForRxSwiftUITests.debug.xcconfig"; sourceTree = "<group>"; };
		92F215BA3684A20C732263B2 /* Pods_TestForRxSwiftTests.framework */ = {isa = PBXFileReference; explicitFileType = wrapper.framework; includeInIndex = 0; path = Pods_TestForRxSwiftTests.framework; sourceTree = BUILT_PRODUCTS_DIR; };
		AAB758E0D3AF66634F3FA71C /* Pods-TestForRxSwift.release.xcconfig */ = {isa = PBXFileReference; includeInIndex = 1; lastKnownFileType = text.xcconfig; name = "Pods-TestForRxSwift.release.xcconfig"; path = "Target Support Files/Pods-TestForRxSwift/Pods-TestForRxSwift.release.xcconfig"; sourceTree = "<group>"; };
		B2708FE3217D6A662C0D5F40 /* Pods-TestForRxSwiftTests.release.xcconfig */ = {isa = PBXFileReference; includeInIndex = 1; lastKnownFileType = text.xcconfig; name = "Pods-TestForRxSwiftTests.release.xcconfig"; path = "Target Support Files/Pods-TestForRxSwiftTests/Pods-TestForRxSwiftTests.release.xcconfig"; sourceTree = "<group>"; };
		DE7F64E130C424EB9127581A /* Pods_TestForRxSwift_TestForRxSwiftUITests.framework */ = {isa = PBXFileReference; explicitFileType = wrapper.framework; includeInIndex = 0; path = Pods_TestForRxSwift_TestForRxSwiftUITests.framework; sourceTree = BUILT_PRODUCTS_DIR; };
		F6BA056297BC7197231B1150 /* Pods-TestForRxSwift-TestForRxSwiftUITests.release.xcconfig */ = {isa = PBXFileReference; includeInIndex = 1; lastKnownFileType = text.xcconfig; name = "Pods-TestForRxSwift-TestForRxSwiftUITests.release.xcconfig"; path = "Target Support Files/Pods-TestForRxSwift-TestForRxSwiftUITests/Pods-TestForRxSwift-TestForRxSwiftUITests.release.xcconfig"; sourceTree = "<group>"; };
/* End PBXFileReference section */

/* Begin PBXFrameworksBuildPhase section */
		047C54C2267B331F00DDE47D /* Frameworks */ = {
			isa = PBXFrameworksBuildPhase;
			buildActionMask = 2147483647;
			files = (
				2BABABC3E1868A51D3FD2BEB /* Pods_TestForRxSwift.framework in Frameworks */,
			);
			runOnlyForDeploymentPostprocessing = 0;
		};
		047C54D8267B332400DDE47D /* Frameworks */ = {
			isa = PBXFrameworksBuildPhase;
			buildActionMask = 2147483647;
			files = (
				435DB7D29A6243A9D8DB3ED0 /* Pods_TestForRxSwiftTests.framework in Frameworks */,
			);
			runOnlyForDeploymentPostprocessing = 0;
		};
		047C54E3267B332400DDE47D /* Frameworks */ = {
			isa = PBXFrameworksBuildPhase;
			buildActionMask = 2147483647;
			files = (
				0E51339EBC4AFBF60C0BE7B8 /* Pods_TestForRxSwift_TestForRxSwiftUITests.framework in Frameworks */,
			);
			runOnlyForDeploymentPostprocessing = 0;
		};
/* End PBXFrameworksBuildPhase section */

/* Begin PBXGroup section */
		047C54BC267B331F00DDE47D = {
			isa = PBXGroup;
			children = (
				047C54C7267B331F00DDE47D /* TestForRxSwift */,
				047C54DE267B332400DDE47D /* TestForRxSwiftTests */,
				047C54E9267B332400DDE47D /* TestForRxSwiftUITests */,
				047C54C6267B331F00DDE47D /* Products */,
				4F332D18D65C732DFBF3B620 /* Pods */,
				BB4503FEFC55B02F7AB1B7EE /* Frameworks */,
			);
			sourceTree = "<group>";
		};
		047C54C6267B331F00DDE47D /* Products */ = {
			isa = PBXGroup;
			children = (
				047C54C5267B331F00DDE47D /* TestForRxSwift.app */,
				047C54DB267B332400DDE47D /* TestForRxSwiftTests.xctest */,
				047C54E6267B332400DDE47D /* TestForRxSwiftUITests.xctest */,
			);
			name = Products;
			sourceTree = "<group>";
		};
		047C54C7267B331F00DDE47D /* TestForRxSwift */ = {
			isa = PBXGroup;
			children = (
				047C54C8267B331F00DDE47D /* AppDelegate.swift */,
				047C54CA267B331F00DDE47D /* SceneDelegate.swift */,
				047C54CC267B331F00DDE47D /* ViewController.swift */,
				04AB0634268C700D0008EEBB /* SampleViewModel.swift */,
				047C54CE267B331F00DDE47D /* Main.storyboard */,
				047C54D1267B332300DDE47D /* Assets.xcassets */,
				047C54D3267B332300DDE47D /* LaunchScreen.storyboard */,
				047C54D6267B332300DDE47D /* Info.plist */,
			);
			path = TestForRxSwift;
			sourceTree = "<group>";
		};
		047C54DE267B332400DDE47D /* TestForRxSwiftTests */ = {
			isa = PBXGroup;
			children = (
				047C54DF267B332400DDE47D /* TestForRxSwiftTests.swift */,
				047C54E1267B332400DDE47D /* Info.plist */,
			);
			path = TestForRxSwiftTests;
			sourceTree = "<group>";
		};
		047C54E9267B332400DDE47D /* TestForRxSwiftUITests */ = {
			isa = PBXGroup;
			children = (
				047C54EA267B332400DDE47D /* TestForRxSwiftUITests.swift */,
				047C54EC267B332400DDE47D /* Info.plist */,
			);
			path = TestForRxSwiftUITests;
			sourceTree = "<group>";
		};
		4F332D18D65C732DFBF3B620 /* Pods */ = {
			isa = PBXGroup;
			children = (
				0EDB57018955F51D81C80199 /* Pods-TestForRxSwift.debug.xcconfig */,
				AAB758E0D3AF66634F3FA71C /* Pods-TestForRxSwift.release.xcconfig */,
				905E330F64251E3789C28ECC /* Pods-TestForRxSwift-TestForRxSwiftUITests.debug.xcconfig */,
				F6BA056297BC7197231B1150 /* Pods-TestForRxSwift-TestForRxSwiftUITests.release.xcconfig */,
				0E7D3072FC4E84176DEF7FA6 /* Pods-TestForRxSwiftTests.debug.xcconfig */,
				B2708FE3217D6A662C0D5F40 /* Pods-TestForRxSwiftTests.release.xcconfig */,
			);
			name = Pods;
			path = Pods;
			sourceTree = "<group>";
		};
		BB4503FEFC55B02F7AB1B7EE /* Frameworks */ = {
			isa = PBXGroup;
			children = (
				2F9C9EA4AAC514DC0FB080AA /* Pods_TestForRxSwift.framework */,
				DE7F64E130C424EB9127581A /* Pods_TestForRxSwift_TestForRxSwiftUITests.framework */,
				92F215BA3684A20C732263B2 /* Pods_TestForRxSwiftTests.framework */,
			);
			name = Frameworks;
			sourceTree = "<group>";
		};
/* End PBXGroup section */

/* Begin PBXNativeTarget section */
		047C54C4267B331F00DDE47D /* TestForRxSwift */ = {
			isa = PBXNativeTarget;
			buildConfigurationList = 047C54EF267B332400DDE47D /* Build configuration list for PBXNativeTarget "TestForRxSwift" */;
			buildPhases = (
				EBB44D291A91F90A3B96761C /* [CP] Check Pods Manifest.lock */,
				047C54C1267B331F00DDE47D /* Sources */,
				047C54C2267B331F00DDE47D /* Frameworks */,
				047C54C3267B331F00DDE47D /* Resources */,
				D154FF2EBE7CDA00B1F712A6 /* [CP] Embed Pods Frameworks */,
			);
			buildRules = (
			);
			dependencies = (
			);
			name = TestForRxSwift;
			productName = TestForRxSwift;
			productReference = 047C54C5267B331F00DDE47D /* TestForRxSwift.app */;
			productType = "com.apple.product-type.application";
		};
		047C54DA267B332400DDE47D /* TestForRxSwiftTests */ = {
			isa = PBXNativeTarget;
			buildConfigurationList = 047C54F2267B332400DDE47D /* Build configuration list for PBXNativeTarget "TestForRxSwiftTests" */;
			buildPhases = (
				381A07BFA413BDEB143692FB /* [CP] Check Pods Manifest.lock */,
				047C54D7267B332400DDE47D /* Sources */,
				047C54D8267B332400DDE47D /* Frameworks */,
				047C54D9267B332400DDE47D /* Resources */,
				19F94683F5B2BB520DCA6226 /* [CP] Embed Pods Frameworks */,
			);
			buildRules = (
			);
			dependencies = (
				047C54DD267B332400DDE47D /* PBXTargetDependency */,
			);
			name = TestForRxSwiftTests;
			productName = TestForRxSwiftTests;
			productReference = 047C54DB267B332400DDE47D /* TestForRxSwiftTests.xctest */;
			productType = "com.apple.product-type.bundle.unit-test";
		};
		047C54E5267B332400DDE47D /* TestForRxSwiftUITests */ = {
			isa = PBXNativeTarget;
			buildConfigurationList = 047C54F5267B332400DDE47D /* Build configuration list for PBXNativeTarget "TestForRxSwiftUITests" */;
			buildPhases = (
				6AD56B4670165C6E9EC72359 /* [CP] Check Pods Manifest.lock */,
				047C54E2267B332400DDE47D /* Sources */,
				047C54E3267B332400DDE47D /* Frameworks */,
				047C54E4267B332400DDE47D /* Resources */,
				2E1D55019057DF36F41B0C94 /* [CP] Embed Pods Frameworks */,
			);
			buildRules = (
			);
			dependencies = (
				047C54E8267B332400DDE47D /* PBXTargetDependency */,
			);
			name = TestForRxSwiftUITests;
			productName = TestForRxSwiftUITests;
			productReference = 047C54E6267B332400DDE47D /* TestForRxSwiftUITests.xctest */;
			productType = "com.apple.product-type.bundle.ui-testing";
		};
/* End PBXNativeTarget section */

/* Begin PBXProject section */
		047C54BD267B331F00DDE47D /* Project object */ = {
			isa = PBXProject;
			attributes = {
				LastSwiftUpdateCheck = 1250;
				LastUpgradeCheck = 1250;
				TargetAttributes = {
					047C54C4267B331F00DDE47D = {
						CreatedOnToolsVersion = 12.5;
					};
					047C54DA267B332400DDE47D = {
						CreatedOnToolsVersion = 12.5;
						TestTargetID = 047C54C4267B331F00DDE47D;
					};
					047C54E5267B332400DDE47D = {
						CreatedOnToolsVersion = 12.5;
						TestTargetID = 047C54C4267B331F00DDE47D;
					};
				};
			};
			buildConfigurationList = 047C54C0267B331F00DDE47D /* Build configuration list for PBXProject "TestForRxSwift" */;
			compatibilityVersion = "Xcode 9.3";
			developmentRegion = en;
			hasScannedForEncodings = 0;
			knownRegions = (
				en,
				Base,
			);
			mainGroup = 047C54BC267B331F00DDE47D;
			productRefGroup = 047C54C6267B331F00DDE47D /* Products */;
			projectDirPath = "";
			projectRoot = "";
			targets = (
				047C54C4267B331F00DDE47D /* TestForRxSwift */,
				047C54DA267B332400DDE47D /* TestForRxSwiftTests */,
				047C54E5267B332400DDE47D /* TestForRxSwiftUITests */,
			);
		};
/* End PBXProject section */

/* Begin PBXResourcesBuildPhase section */
		047C54C3267B331F00DDE47D /* Resources */ = {
			isa = PBXResourcesBuildPhase;
			buildActionMask = 2147483647;
			files = (
				047C54D5267B332300DDE47D /* LaunchScreen.storyboard in Resources */,
				047C54D2267B332300DDE47D /* Assets.xcassets in Resources */,
				047C54D0267B331F00DDE47D /* Main.storyboard in Resources */,
			);
			runOnlyForDeploymentPostprocessing = 0;
		};
		047C54D9267B332400DDE47D /* Resources */ = {
			isa = PBXResourcesBuildPhase;
			buildActionMask = 2147483647;
			files = (
			);
			runOnlyForDeploymentPostprocessing = 0;
		};
		047C54E4267B332400DDE47D /* Resources */ = {
			isa = PBXResourcesBuildPhase;
			buildActionMask = 2147483647;
			files = (
			);
			runOnlyForDeploymentPostprocessing = 0;
		};
/* End PBXResourcesBuildPhase section */

/* Begin PBXShellScriptBuildPhase section */
		19F94683F5B2BB520DCA6226 /* [CP] Embed Pods Frameworks */ = {
			isa = PBXShellScriptBuildPhase;
			buildActionMask = 2147483647;
			files = (
			);
			inputFileListPaths = (
				"${PODS_ROOT}/Target Support Files/Pods-TestForRxSwiftTests/Pods-TestForRxSwiftTests-frameworks-${CONFIGURATION}-input-files.xcfilelist",
			);
			name = "[CP] Embed Pods Frameworks";
			outputFileListPaths = (
				"${PODS_ROOT}/Target Support Files/Pods-TestForRxSwiftTests/Pods-TestForRxSwiftTests-frameworks-${CONFIGURATION}-output-files.xcfilelist",
			);
			runOnlyForDeploymentPostprocessing = 0;
			shellPath = /bin/sh;
			shellScript = "\"${PODS_ROOT}/Target Support Files/Pods-TestForRxSwiftTests/Pods-TestForRxSwiftTests-frameworks.sh\"\n";
			showEnvVarsInLog = 0;
		};
		2E1D55019057DF36F41B0C94 /* [CP] Embed Pods Frameworks */ = {
			isa = PBXShellScriptBuildPhase;
			buildActionMask = 2147483647;
			files = (
			);
			inputFileListPaths = (
				"${PODS_ROOT}/Target Support Files/Pods-TestForRxSwift-TestForRxSwiftUITests/Pods-TestForRxSwift-TestForRxSwiftUITests-frameworks-${CONFIGURATION}-input-files.xcfilelist",
			);
			name = "[CP] Embed Pods Frameworks";
			outputFileListPaths = (
				"${PODS_ROOT}/Target Support Files/Pods-TestForRxSwift-TestForRxSwiftUITests/Pods-TestForRxSwift-TestForRxSwiftUITests-frameworks-${CONFIGURATION}-output-files.xcfilelist",
			);
			runOnlyForDeploymentPostprocessing = 0;
			shellPath = /bin/sh;
			shellScript = "\"${PODS_ROOT}/Target Support Files/Pods-TestForRxSwift-TestForRxSwiftUITests/Pods-TestForRxSwift-TestForRxSwiftUITests-frameworks.sh\"\n";
			showEnvVarsInLog = 0;
		};
		381A07BFA413BDEB143692FB /* [CP] Check Pods Manifest.lock */ = {
			isa = PBXShellScriptBuildPhase;
			buildActionMask = 2147483647;
			files = (
			);
			inputFileListPaths = (
			);
			inputPaths = (
				"${PODS_PODFILE_DIR_PATH}/Podfile.lock",
				"${PODS_ROOT}/Manifest.lock",
			);
			name = "[CP] Check Pods Manifest.lock";
			outputFileListPaths = (
			);
			outputPaths = (
				"$(DERIVED_FILE_DIR)/Pods-TestForRxSwiftTests-checkManifestLockResult.txt",
			);
			runOnlyForDeploymentPostprocessing = 0;
			shellPath = /bin/sh;
			shellScript = "diff \"${PODS_PODFILE_DIR_PATH}/Podfile.lock\" \"${PODS_ROOT}/Manifest.lock\" > /dev/null\nif [ $? != 0 ] ; then\n    # print error to STDERR\n    echo \"error: The sandbox is not in sync with the Podfile.lock. Run 'pod install' or update your CocoaPods installation.\" >&2\n    exit 1\nfi\n# This output is used by Xcode 'outputs' to avoid re-running this script phase.\necho \"SUCCESS\" > \"${SCRIPT_OUTPUT_FILE_0}\"\n";
			showEnvVarsInLog = 0;
		};
		6AD56B4670165C6E9EC72359 /* [CP] Check Pods Manifest.lock */ = {
			isa = PBXShellScriptBuildPhase;
			buildActionMask = 2147483647;
			files = (
			);
			inputFileListPaths = (
			);
			inputPaths = (
				"${PODS_PODFILE_DIR_PATH}/Podfile.lock",
				"${PODS_ROOT}/Manifest.lock",
			);
			name = "[CP] Check Pods Manifest.lock";
			outputFileListPaths = (
			);
			outputPaths = (
				"$(DERIVED_FILE_DIR)/Pods-TestForRxSwift-TestForRxSwiftUITests-checkManifestLockResult.txt",
			);
			runOnlyForDeploymentPostprocessing = 0;
			shellPath = /bin/sh;
			shellScript = "diff \"${PODS_PODFILE_DIR_PATH}/Podfile.lock\" \"${PODS_ROOT}/Manifest.lock\" > /dev/null\nif [ $? != 0 ] ; then\n    # print error to STDERR\n    echo \"error: The sandbox is not in sync with the Podfile.lock. Run 'pod install' or update your CocoaPods installation.\" >&2\n    exit 1\nfi\n# This output is used by Xcode 'outputs' to avoid re-running this script phase.\necho \"SUCCESS\" > \"${SCRIPT_OUTPUT_FILE_0}\"\n";
			showEnvVarsInLog = 0;
		};
		D154FF2EBE7CDA00B1F712A6 /* [CP] Embed Pods Frameworks */ = {
			isa = PBXShellScriptBuildPhase;
			buildActionMask = 2147483647;
			files = (
			);
			inputFileListPaths = (
				"${PODS_ROOT}/Target Support Files/Pods-TestForRxSwift/Pods-TestForRxSwift-frameworks-${CONFIGURATION}-input-files.xcfilelist",
			);
			name = "[CP] Embed Pods Frameworks";
			outputFileListPaths = (
				"${PODS_ROOT}/Target Support Files/Pods-TestForRxSwift/Pods-TestForRxSwift-frameworks-${CONFIGURATION}-output-files.xcfilelist",
			);
			runOnlyForDeploymentPostprocessing = 0;
			shellPath = /bin/sh;
			shellScript = "\"${PODS_ROOT}/Target Support Files/Pods-TestForRxSwift/Pods-TestForRxSwift-frameworks.sh\"\n";
			showEnvVarsInLog = 0;
		};
		EBB44D291A91F90A3B96761C /* [CP] Check Pods Manifest.lock */ = {
			isa = PBXShellScriptBuildPhase;
			buildActionMask = 2147483647;
			files = (
			);
			inputFileListPaths = (
			);
			inputPaths = (
				"${PODS_PODFILE_DIR_PATH}/Podfile.lock",
				"${PODS_ROOT}/Manifest.lock",
			);
			name = "[CP] Check Pods Manifest.lock";
			outputFileListPaths = (
			);
			outputPaths = (
				"$(DERIVED_FILE_DIR)/Pods-TestForRxSwift-checkManifestLockResult.txt",
			);
			runOnlyForDeploymentPostprocessing = 0;
			shellPath = /bin/sh;
			shellScript = "diff \"${PODS_PODFILE_DIR_PATH}/Podfile.lock\" \"${PODS_ROOT}/Manifest.lock\" > /dev/null\nif [ $? != 0 ] ; then\n    # print error to STDERR\n    echo \"error: The sandbox is not in sync with the Podfile.lock. Run 'pod install' or update your CocoaPods installation.\" >&2\n    exit 1\nfi\n# This output is used by Xcode 'outputs' to avoid re-running this script phase.\necho \"SUCCESS\" > \"${SCRIPT_OUTPUT_FILE_0}\"\n";
			showEnvVarsInLog = 0;
		};
/* End PBXShellScriptBuildPhase section */

/* Begin PBXSourcesBuildPhase section */
		047C54C1267B331F00DDE47D /* Sources */ = {
			isa = PBXSourcesBuildPhase;
			buildActionMask = 2147483647;
			files = (
				047C54CD267B331F00DDE47D /* ViewController.swift in Sources */,
				047C54C9267B331F00DDE47D /* AppDelegate.swift in Sources */,
				04AB0635268C700D0008EEBB /* SampleViewModel.swift in Sources */,
				047C54CB267B331F00DDE47D /* SceneDelegate.swift in Sources */,
			);
			runOnlyForDeploymentPostprocessing = 0;
		};
		047C54D7267B332400DDE47D /* Sources */ = {
			isa = PBXSourcesBuildPhase;
			buildActionMask = 2147483647;
			files = (
				047C54E0267B332400DDE47D /* TestForRxSwiftTests.swift in Sources */,
			);
			runOnlyForDeploymentPostprocessing = 0;
		};
		047C54E2267B332400DDE47D /* Sources */ = {
			isa = PBXSourcesBuildPhase;
			buildActionMask = 2147483647;
			files = (
				047C54EB267B332400DDE47D /* TestForRxSwiftUITests.swift in Sources */,
			);
			runOnlyForDeploymentPostprocessing = 0;
		};
/* End PBXSourcesBuildPhase section */

/* Begin PBXTargetDependency section */
		047C54DD267B332400DDE47D /* PBXTargetDependency */ = {
			isa = PBXTargetDependency;
			target = 047C54C4267B331F00DDE47D /* TestForRxSwift */;
			targetProxy = 047C54DC267B332400DDE47D /* PBXContainerItemProxy */;
		};
		047C54E8267B332400DDE47D /* PBXTargetDependency */ = {
			isa = PBXTargetDependency;
			target = 047C54C4267B331F00DDE47D /* TestForRxSwift */;
			targetProxy = 047C54E7267B332400DDE47D /* PBXContainerItemProxy */;
		};
/* End PBXTargetDependency section */

/* Begin PBXVariantGroup section */
		047C54CE267B331F00DDE47D /* Main.storyboard */ = {
			isa = PBXVariantGroup;
			children = (
				047C54CF267B331F00DDE47D /* Base */,
			);
			name = Main.storyboard;
			sourceTree = "<group>";
		};
		047C54D3267B332300DDE47D /* LaunchScreen.storyboard */ = {
			isa = PBXVariantGroup;
			children = (
				047C54D4267B332300DDE47D /* Base */,
			);
			name = LaunchScreen.storyboard;
			sourceTree = "<group>";
		};
/* End PBXVariantGroup section */

/* Begin XCBuildConfiguration section */
		047C54ED267B332400DDE47D /* Debug */ = {
			isa = XCBuildConfiguration;
			buildSettings = {
				ALWAYS_SEARCH_USER_PATHS = NO;
				CLANG_ANALYZER_NONNULL = YES;
				CLANG_ANALYZER_NUMBER_OBJECT_CONVERSION = YES_AGGRESSIVE;
				CLANG_CXX_LANGUAGE_STANDARD = "gnu++14";
				CLANG_CXX_LIBRARY = "libc++";
				CLANG_ENABLE_MODULES = YES;
				CLANG_ENABLE_OBJC_ARC = YES;
				CLANG_ENABLE_OBJC_WEAK = YES;
				CLANG_WARN_BLOCK_CAPTURE_AUTORELEASING = YES;
				CLANG_WARN_BOOL_CONVERSION = YES;
				CLANG_WARN_COMMA = YES;
				CLANG_WARN_CONSTANT_CONVERSION = YES;
				CLANG_WARN_DEPRECATED_OBJC_IMPLEMENTATIONS = YES;
				CLANG_WARN_DIRECT_OBJC_ISA_USAGE = YES_ERROR;
				CLANG_WARN_DOCUMENTATION_COMMENTS = YES;
				CLANG_WARN_EMPTY_BODY = YES;
				CLANG_WARN_ENUM_CONVERSION = YES;
				CLANG_WARN_INFINITE_RECURSION = YES;
				CLANG_WARN_INT_CONVERSION = YES;
				CLANG_WARN_NON_LITERAL_NULL_CONVERSION = YES;
				CLANG_WARN_OBJC_IMPLICIT_RETAIN_SELF = YES;
				CLANG_WARN_OBJC_LITERAL_CONVERSION = YES;
				CLANG_WARN_OBJC_ROOT_CLASS = YES_ERROR;
				CLANG_WARN_QUOTED_INCLUDE_IN_FRAMEWORK_HEADER = YES;
				CLANG_WARN_RANGE_LOOP_ANALYSIS = YES;
				CLANG_WARN_STRICT_PROTOTYPES = YES;
				CLANG_WARN_SUSPICIOUS_MOVE = YES;
				CLANG_WARN_UNGUARDED_AVAILABILITY = YES_AGGRESSIVE;
				CLANG_WARN_UNREACHABLE_CODE = YES;
				CLANG_WARN__DUPLICATE_METHOD_MATCH = YES;
				COPY_PHASE_STRIP = NO;
				DEBUG_INFORMATION_FORMAT = dwarf;
				ENABLE_STRICT_OBJC_MSGSEND = YES;
				ENABLE_TESTABILITY = YES;
				GCC_C_LANGUAGE_STANDARD = gnu11;
				GCC_DYNAMIC_NO_PIC = NO;
				GCC_NO_COMMON_BLOCKS = YES;
				GCC_OPTIMIZATION_LEVEL = 0;
				GCC_PREPROCESSOR_DEFINITIONS = (
					"DEBUG=1",
					"$(inherited)",
				);
				GCC_WARN_64_TO_32_BIT_CONVERSION = YES;
				GCC_WARN_ABOUT_RETURN_TYPE = YES_ERROR;
				GCC_WARN_UNDECLARED_SELECTOR = YES;
				GCC_WARN_UNINITIALIZED_AUTOS = YES_AGGRESSIVE;
				GCC_WARN_UNUSED_FUNCTION = YES;
				GCC_WARN_UNUSED_VARIABLE = YES;
				IPHONEOS_DEPLOYMENT_TARGET = 14.5;
				MTL_ENABLE_DEBUG_INFO = INCLUDE_SOURCE;
				MTL_FAST_MATH = YES;
				ONLY_ACTIVE_ARCH = YES;
				SDKROOT = iphoneos;
				SWIFT_ACTIVE_COMPILATION_CONDITIONS = DEBUG;
				SWIFT_OPTIMIZATION_LEVEL = "-Onone";
			};
			name = Debug;
		};
		047C54EE267B332400DDE47D /* Release */ = {
			isa = XCBuildConfiguration;
			buildSettings = {
				ALWAYS_SEARCH_USER_PATHS = NO;
				CLANG_ANALYZER_NONNULL = YES;
				CLANG_ANALYZER_NUMBER_OBJECT_CONVERSION = YES_AGGRESSIVE;
				CLANG_CXX_LANGUAGE_STANDARD = "gnu++14";
				CLANG_CXX_LIBRARY = "libc++";
				CLANG_ENABLE_MODULES = YES;
				CLANG_ENABLE_OBJC_ARC = YES;
				CLANG_ENABLE_OBJC_WEAK = YES;
				CLANG_WARN_BLOCK_CAPTURE_AUTORELEASING = YES;
				CLANG_WARN_BOOL_CONVERSION = YES;
				CLANG_WARN_COMMA = YES;
				CLANG_WARN_CONSTANT_CONVERSION = YES;
				CLANG_WARN_DEPRECATED_OBJC_IMPLEMENTATIONS = YES;
				CLANG_WARN_DIRECT_OBJC_ISA_USAGE = YES_ERROR;
				CLANG_WARN_DOCUMENTATION_COMMENTS = YES;
				CLANG_WARN_EMPTY_BODY = YES;
				CLANG_WARN_ENUM_CONVERSION = YES;
				CLANG_WARN_INFINITE_RECURSION = YES;
				CLANG_WARN_INT_CONVERSION = YES;
				CLANG_WARN_NON_LITERAL_NULL_CONVERSION = YES;
				CLANG_WARN_OBJC_IMPLICIT_RETAIN_SELF = YES;
				CLANG_WARN_OBJC_LITERAL_CONVERSION = YES;
				CLANG_WARN_OBJC_ROOT_CLASS = YES_ERROR;
				CLANG_WARN_QUOTED_INCLUDE_IN_FRAMEWORK_HEADER = YES;
				CLANG_WARN_RANGE_LOOP_ANALYSIS = YES;
				CLANG_WARN_STRICT_PROTOTYPES = YES;
				CLANG_WARN_SUSPICIOUS_MOVE = YES;
				CLANG_WARN_UNGUARDED_AVAILABILITY = YES_AGGRESSIVE;
				CLANG_WARN_UNREACHABLE_CODE = YES;
				CLANG_WARN__DUPLICATE_METHOD_MATCH = YES;
				COPY_PHASE_STRIP = NO;
				DEBUG_INFORMATION_FORMAT = "dwarf-with-dsym";
				ENABLE_NS_ASSERTIONS = NO;
				ENABLE_STRICT_OBJC_MSGSEND = YES;
				GCC_C_LANGUAGE_STANDARD = gnu11;
				GCC_NO_COMMON_BLOCKS = YES;
				GCC_WARN_64_TO_32_BIT_CONVERSION = YES;
				GCC_WARN_ABOUT_RETURN_TYPE = YES_ERROR;
				GCC_WARN_UNDECLARED_SELECTOR = YES;
				GCC_WARN_UNINITIALIZED_AUTOS = YES_AGGRESSIVE;
				GCC_WARN_UNUSED_FUNCTION = YES;
				GCC_WARN_UNUSED_VARIABLE = YES;
				IPHONEOS_DEPLOYMENT_TARGET = 14.5;
				MTL_ENABLE_DEBUG_INFO = NO;
				MTL_FAST_MATH = YES;
				SDKROOT = iphoneos;
				SWIFT_COMPILATION_MODE = wholemodule;
				SWIFT_OPTIMIZATION_LEVEL = "-O";
				VALIDATE_PRODUCT = YES;
			};
			name = Release;
		};
		047C54F0267B332400DDE47D /* Debug */ = {
			isa = XCBuildConfiguration;
			baseConfigurationReference = 0EDB57018955F51D81C80199 /* Pods-TestForRxSwift.debug.xcconfig */;
			buildSettings = {
				ASSETCATALOG_COMPILER_APPICON_NAME = AppIcon;
				ASSETCATALOG_COMPILER_GLOBAL_ACCENT_COLOR_NAME = AccentColor;
				CODE_SIGN_STYLE = Automatic;
				DEVELOPMENT_TEAM = CCX6AV44RN;
				INFOPLIST_FILE = TestForRxSwift/Info.plist;
				LD_RUNPATH_SEARCH_PATHS = (
					"$(inherited)",
					"@executable_path/Frameworks",
				);
				PRODUCT_BUNDLE_IDENTIFIER = "don.kusao2-1.TestForRxSwift";
				PRODUCT_NAME = "$(TARGET_NAME)";
				SWIFT_VERSION = 5.0;
				TARGETED_DEVICE_FAMILY = "1,2";
			};
			name = Debug;
		};
		047C54F1267B332400DDE47D /* Release */ = {
			isa = XCBuildConfiguration;
			baseConfigurationReference = AAB758E0D3AF66634F3FA71C /* Pods-TestForRxSwift.release.xcconfig */;
			buildSettings = {
				ASSETCATALOG_COMPILER_APPICON_NAME = AppIcon;
				ASSETCATALOG_COMPILER_GLOBAL_ACCENT_COLOR_NAME = AccentColor;
				CODE_SIGN_STYLE = Automatic;
				DEVELOPMENT_TEAM = CCX6AV44RN;
				INFOPLIST_FILE = TestForRxSwift/Info.plist;
				LD_RUNPATH_SEARCH_PATHS = (
					"$(inherited)",
					"@executable_path/Frameworks",
				);
				PRODUCT_BUNDLE_IDENTIFIER = "don.kusao2-1.TestForRxSwift";
				PRODUCT_NAME = "$(TARGET_NAME)";
				SWIFT_VERSION = 5.0;
				TARGETED_DEVICE_FAMILY = "1,2";
			};
			name = Release;
		};
		047C54F3267B332400DDE47D /* Debug */ = {
			isa = XCBuildConfiguration;
			baseConfigurationReference = 0E7D3072FC4E84176DEF7FA6 /* Pods-TestForRxSwiftTests.debug.xcconfig */;
			buildSettings = {
				ALWAYS_EMBED_SWIFT_STANDARD_LIBRARIES = YES;
				BUNDLE_LOADER = "$(TEST_HOST)";
				CODE_SIGN_STYLE = Automatic;
				DEVELOPMENT_TEAM = CCX6AV44RN;
				INFOPLIST_FILE = TestForRxSwiftTests/Info.plist;
				IPHONEOS_DEPLOYMENT_TARGET = 14.5;
				LD_RUNPATH_SEARCH_PATHS = (
					"$(inherited)",
					"@executable_path/Frameworks",
					"@loader_path/Frameworks",
				);
				PRODUCT_BUNDLE_IDENTIFIER = "don.kusao2-1.TestForRxSwiftTests";
				PRODUCT_NAME = "$(TARGET_NAME)";
				SWIFT_VERSION = 5.0;
				TARGETED_DEVICE_FAMILY = "1,2";
				TEST_HOST = "$(BUILT_PRODUCTS_DIR)/TestForRxSwift.app/TestForRxSwift";
			};
			name = Debug;
		};
		047C54F4267B332400DDE47D /* Release */ = {
			isa = XCBuildConfiguration;
			baseConfigurationReference = B2708FE3217D6A662C0D5F40 /* Pods-TestForRxSwiftTests.release.xcconfig */;
			buildSettings = {
				ALWAYS_EMBED_SWIFT_STANDARD_LIBRARIES = YES;
				BUNDLE_LOADER = "$(TEST_HOST)";
				CODE_SIGN_STYLE = Automatic;
				DEVELOPMENT_TEAM = CCX6AV44RN;
				INFOPLIST_FILE = TestForRxSwiftTests/Info.plist;
				IPHONEOS_DEPLOYMENT_TARGET = 14.5;
				LD_RUNPATH_SEARCH_PATHS = (
					"$(inherited)",
					"@executable_path/Frameworks",
					"@loader_path/Frameworks",
				);
				PRODUCT_BUNDLE_IDENTIFIER = "don.kusao2-1.TestForRxSwiftTests";
				PRODUCT_NAME = "$(TARGET_NAME)";
				SWIFT_VERSION = 5.0;
				TARGETED_DEVICE_FAMILY = "1,2";
				TEST_HOST = "$(BUILT_PRODUCTS_DIR)/TestForRxSwift.app/TestForRxSwift";
			};
			name = Release;
		};
		047C54F6267B332400DDE47D /* Debug */ = {
			isa = XCBuildConfiguration;
			baseConfigurationReference = 905E330F64251E3789C28ECC /* Pods-TestForRxSwift-TestForRxSwiftUITests.debug.xcconfig */;
			buildSettings = {
				ALWAYS_EMBED_SWIFT_STANDARD_LIBRARIES = YES;
				CODE_SIGN_STYLE = Automatic;
				DEVELOPMENT_TEAM = CCX6AV44RN;
				INFOPLIST_FILE = TestForRxSwiftUITests/Info.plist;
				LD_RUNPATH_SEARCH_PATHS = (
					"$(inherited)",
					"@executable_path/Frameworks",
					"@loader_path/Frameworks",
				);
				PRODUCT_BUNDLE_IDENTIFIER = "don.kusao2-1.TestForRxSwiftUITests";
				PRODUCT_NAME = "$(TARGET_NAME)";
				SWIFT_VERSION = 5.0;
				TARGETED_DEVICE_FAMILY = "1,2";
				TEST_TARGET_NAME = TestForRxSwift;
			};
			name = Debug;
		};
		047C54F7267B332400DDE47D /* Release */ = {
			isa = XCBuildConfiguration;
			baseConfigurationReference = F6BA056297BC7197231B1150 /* Pods-TestForRxSwift-TestForRxSwiftUITests.release.xcconfig */;
			buildSettings = {
				ALWAYS_EMBED_SWIFT_STANDARD_LIBRARIES = YES;
				CODE_SIGN_STYLE = Automatic;
				DEVELOPMENT_TEAM = CCX6AV44RN;
				INFOPLIST_FILE = TestForRxSwiftUITests/Info.plist;
				LD_RUNPATH_SEARCH_PATHS = (
					"$(inherited)",
					"@executable_path/Frameworks",
					"@loader_path/Frameworks",
				);
				PRODUCT_BUNDLE_IDENTIFIER = "don.kusao2-1.TestForRxSwiftUITests";
				PRODUCT_NAME = "$(TARGET_NAME)";
				SWIFT_VERSION = 5.0;
				TARGETED_DEVICE_FAMILY = "1,2";
				TEST_TARGET_NAME = TestForRxSwift;
			};
			name = Release;
		};
/* End XCBuildConfiguration section */

/* Begin XCConfigurationList section */
		047C54C0267B331F00DDE47D /* Build configuration list for PBXProject "TestForRxSwift" */ = {
			isa = XCConfigurationList;
			buildConfigurations = (
				047C54ED267B332400DDE47D /* Debug */,
				047C54EE267B332400DDE47D /* Release */,
			);
			defaultConfigurationIsVisible = 0;
			defaultConfigurationName = Release;
		};
		047C54EF267B332400DDE47D /* Build configuration list for PBXNativeTarget "TestForRxSwift" */ = {
			isa = XCConfigurationList;
			buildConfigurations = (
				047C54F0267B332400DDE47D /* Debug */,
				047C54F1267B332400DDE47D /* Release */,
			);
			defaultConfigurationIsVisible = 0;
			defaultConfigurationName = Release;
		};
		047C54F2267B332400DDE47D /* Build configuration list for PBXNativeTarget "TestForRxSwiftTests" */ = {
			isa = XCConfigurationList;
			buildConfigurations = (
				047C54F3267B332400DDE47D /* Debug */,
				047C54F4267B332400DDE47D /* Release */,
			);
			defaultConfigurationIsVisible = 0;
			defaultConfigurationName = Release;
		};
		047C54F5267B332400DDE47D /* Build configuration list for PBXNativeTarget "TestForRxSwiftUITests" */ = {
			isa = XCConfigurationList;
			buildConfigurations = (
				047C54F6267B332400DDE47D /* Debug */,
				047C54F7267B332400DDE47D /* Release */,
			);
			defaultConfigurationIsVisible = 0;
			defaultConfigurationName = Release;
		};
/* End XCConfigurationList section */
	};
	rootObject = 047C54BD267B331F00DDE47D /* Project object */;
}
